{
  "name": "kirra2d",
  "version": "0.1.0",
  "lockfileVersion": 3,
  "requires": true,
  "packages": {
    "": {
      "name": "kirra2d",
      "version": "0.1.0",
      "dependencies": {
        "@tauri-apps/api": "^2.1.1",
        "crypto-js": "^4.2.0",
        "d3-delaunay": "^6.0.4",
        "delaunator": "^5.0.1",
        "dxf-data-parser": "^1.3.8",
        "dxf-parser": "^1.1.2",
        "jscolor": "^0.3.0",
        "plotly.js-dist": "^2.35.2",
        "sweetalert2": "^11.6.13"
      },
      "devDependencies": {
        "@tauri-apps/cli": "^2"
      }
    },
    "node_modules/@tauri-apps/api": {
      "version": "2.1.1",
      "resolved": "https://registry.npmjs.org/@tauri-apps/api/-/api-2.1.1.tgz",
      "integrity": "sha512-fzUfFFKo4lknXGJq8qrCidkUcKcH2UHhfaaCNt4GzgzGaW2iS26uFOg4tS3H4P8D6ZEeUxtiD5z0nwFF0UN30A==",
      "funding": {
        "type": "opencollective",
        "url": "https://opencollective.com/tauri"
      }
    },
    "node_modules/@tauri-apps/cli": {
      "version": "2.1.0",
      "resolved": "https://registry.npmjs.org/@tauri-apps/cli/-/cli-2.1.0.tgz",
      "integrity": "sha512-K2VhcKqBhAeS5pNOVdnR/xQRU6jwpgmkSL2ejHXcl0m+kaTggT0WRDQnFtPq6NljA7aE03cvwsbCAoFG7vtkJw==",
      "dev": true,
      "bin": {
        "tauri": "tauri.js"
      },
      "engines": {
        "node": ">= 10"
      },
      "funding": {
        "type": "opencollective",
        "url": "https://opencollective.com/tauri"
      },
      "optionalDependencies": {
        "@tauri-apps/cli-darwin-arm64": "2.1.0",
        "@tauri-apps/cli-darwin-x64": "2.1.0",
        "@tauri-apps/cli-linux-arm-gnueabihf": "2.1.0",
        "@tauri-apps/cli-linux-arm64-gnu": "2.1.0",
        "@tauri-apps/cli-linux-arm64-musl": "2.1.0",
        "@tauri-apps/cli-linux-x64-gnu": "2.1.0",
        "@tauri-apps/cli-linux-x64-musl": "2.1.0",
        "@tauri-apps/cli-win32-arm64-msvc": "2.1.0",
        "@tauri-apps/cli-win32-ia32-msvc": "2.1.0",
        "@tauri-apps/cli-win32-x64-msvc": "2.1.0"
      }
    },
    "node_modules/@tauri-apps/cli-darwin-arm64": {
      "version": "2.1.0",
      "resolved": "https://registry.npmjs.org/@tauri-apps/cli-darwin-arm64/-/cli-darwin-arm64-2.1.0.tgz",
      "integrity": "sha512-ESc6J6CE8hl1yKH2vJ+ALF+thq4Be+DM1mvmTyUCQObvezNCNhzfS6abIUd3ou4x5RGH51ouiANeT3wekU6dCw==",
      "cpu": [
        "arm64"
      ],
      "dev": true,
      "optional": true,
      "os": [
        "darwin"
      ],
      "engines": {
        "node": ">= 10"
      }
    },
    "node_modules/@tauri-apps/cli-darwin-x64": {
      "version": "2.1.0",
      "resolved": "https://registry.npmjs.org/@tauri-apps/cli-darwin-x64/-/cli-darwin-x64-2.1.0.tgz",
      "integrity": "sha512-TasHS442DFs8cSH2eUQzuDBXUST4ECjCd0yyP+zZzvAruiB0Bg+c8A+I/EnqCvBQ2G2yvWLYG8q/LI7c87A5UA==",
      "cpu": [
        "x64"
      ],
      "dev": true,
      "optional": true,
      "os": [
        "darwin"
      ],
      "engines": {
        "node": ">= 10"
      }
    },
    "node_modules/@tauri-apps/cli-linux-arm-gnueabihf": {
      "version": "2.1.0",
      "resolved": "https://registry.npmjs.org/@tauri-apps/cli-linux-arm-gnueabihf/-/cli-linux-arm-gnueabihf-2.1.0.tgz",
      "integrity": "sha512-aP7ZBGNL4ny07Cbb6kKpUOSrmhcIK2KhjviTzYlh+pPhAptxnC78xQGD3zKQkTi2WliJLPmBYbOHWWQa57lQ9w==",
      "cpu": [
        "arm"
      ],
      "dev": true,
      "optional": true,
      "os": [
        "linux"
      ],
      "engines": {
        "node": ">= 10"
      }
    },
    "node_modules/@tauri-apps/cli-linux-arm64-gnu": {
      "version": "2.1.0",
      "resolved": "https://registry.npmjs.org/@tauri-apps/cli-linux-arm64-gnu/-/cli-linux-arm64-gnu-2.1.0.tgz",
      "integrity": "sha512-ZTdgD5gLeMCzndMT2f358EkoYkZ5T+Qy6zPzU+l5vv5M7dHVN9ZmblNAYYXmoOuw7y+BY4X/rZvHV9pcGrcanQ==",
      "cpu": [
        "arm64"
      ],
      "dev": true,
      "optional": true,
      "os": [
        "linux"
      ],
      "engines": {
        "node": ">= 10"
      }
    },
    "node_modules/@tauri-apps/cli-linux-arm64-musl": {
      "version": "2.1.0",
      "resolved": "https://registry.npmjs.org/@tauri-apps/cli-linux-arm64-musl/-/cli-linux-arm64-musl-2.1.0.tgz",
      "integrity": "sha512-NzwqjUCilhnhJzusz3d/0i0F1GFrwCQbkwR6yAHUxItESbsGYkZRJk0yMEWkg3PzFnyK4cWTlQJMEU52TjhEzA==",
      "cpu": [
        "arm64"
      ],
      "dev": true,
      "optional": true,
      "os": [
        "linux"
      ],
      "engines": {
        "node": ">= 10"
      }
    },
    "node_modules/@tauri-apps/cli-linux-x64-gnu": {
      "version": "2.1.0",
      "resolved": "https://registry.npmjs.org/@tauri-apps/cli-linux-x64-gnu/-/cli-linux-x64-gnu-2.1.0.tgz",
      "integrity": "sha512-TyiIpMEtZxNOQmuFyfJwaaYbg3movSthpBJLIdPlKxSAB2BW0VWLY3/ZfIxm/G2YGHyREkjJvimzYE0i37PnMA==",
      "cpu": [
        "x64"
      ],
      "dev": true,
      "optional": true,
      "os": [
        "linux"
      ],
      "engines": {
        "node": ">= 10"
      }
    },
    "node_modules/@tauri-apps/cli-linux-x64-musl": {
      "version": "2.1.0",
      "resolved": "https://registry.npmjs.org/@tauri-apps/cli-linux-x64-musl/-/cli-linux-x64-musl-2.1.0.tgz",
      "integrity": "sha512-/dQd0TlaxBdJACrR72DhynWftzHDaX32eBtS5WBrNJ+nnNb+znM3gON6nJ9tSE9jgDa6n1v2BkI/oIDtypfUXw==",
      "cpu": [
        "x64"
      ],
      "dev": true,
      "optional": true,
      "os": [
        "linux"
      ],
      "engines": {
        "node": ">= 10"
      }
    },
    "node_modules/@tauri-apps/cli-win32-arm64-msvc": {
      "version": "2.1.0",
      "resolved": "https://registry.npmjs.org/@tauri-apps/cli-win32-arm64-msvc/-/cli-win32-arm64-msvc-2.1.0.tgz",
      "integrity": "sha512-NdQJO7SmdYqOcE+JPU7bwg7+odfZMWO6g8xF9SXYCMdUzvM2Gv/AQfikNXz5yS7ralRhNFuW32i5dcHlxh4pDg==",
      "cpu": [
        "arm64"
      ],
      "dev": true,
      "optional": true,
      "os": [
        "win32"
      ],
      "engines": {
        "node": ">= 10"
      }
    },
    "node_modules/@tauri-apps/cli-win32-ia32-msvc": {
      "version": "2.1.0",
      "resolved": "https://registry.npmjs.org/@tauri-apps/cli-win32-ia32-msvc/-/cli-win32-ia32-msvc-2.1.0.tgz",
      "integrity": "sha512-f5h8gKT/cB8s1ticFRUpNmHqkmaLutT62oFDB7N//2YTXnxst7EpMIn1w+QimxTvTk2gcx6EcW6bEk/y2hZGzg==",
      "cpu": [
        "ia32"
      ],
      "dev": true,
      "optional": true,
      "os": [
        "win32"
      ],
      "engines": {
        "node": ">= 10"
      }
    },
    "node_modules/@tauri-apps/cli-win32-x64-msvc": {
      "version": "2.1.0",
      "resolved": "https://registry.npmjs.org/@tauri-apps/cli-win32-x64-msvc/-/cli-win32-x64-msvc-2.1.0.tgz",
      "integrity": "sha512-P/+LrdSSb5Xbho1LRP4haBjFHdyPdjWvGgeopL96OVtrFpYnfC+RctB45z2V2XxqFk3HweDDxk266btjttfjGw==",
      "cpu": [
        "x64"
      ],
      "dev": true,
      "optional": true,
      "os": [
        "win32"
      ],
      "engines": {
        "node": ">= 10"
      }
    },
    "node_modules/crypto-js": {
      "version": "4.2.0",
      "resolved": "https://registry.npmjs.org/crypto-js/-/crypto-js-4.2.0.tgz",
      "integrity": "sha512-KALDyEYgpY+Rlob/iriUtjV6d5Eq+Y191A5g4UqLAi8CyGP9N1+FdVbkc1SxKc2r4YAYqG8JzO2KGL+AizD70Q=="
    },
    "node_modules/d3-delaunay": {
      "version": "6.0.4",
      "resolved": "https://registry.npmjs.org/d3-delaunay/-/d3-delaunay-6.0.4.tgz",
      "integrity": "sha512-mdjtIZ1XLAM8bm/hx3WwjfHt6Sggek7qH043O8KEjDXN40xi3vx/6pYSVTwLjEgiXQTbvaouWKynLBiUZ6SK6A==",
      "dependencies": {
        "delaunator": "5"
      },
      "engines": {
        "node": ">=12"
      }
    },
    "node_modules/delaunator": {
      "version": "5.0.1",
      "resolved": "https://registry.npmjs.org/delaunator/-/delaunator-5.0.1.tgz",
      "integrity": "sha512-8nvh+XBe96aCESrGOqMp/84b13H9cdKbG5P2ejQCh4d4sK9RL4371qou9drQjMhvnPmhWl5hnmqbEE0fXr9Xnw==",
      "dependencies": {
        "robust-predicates": "^3.0.2"
      }
    },
    "node_modules/dxf-data-parser": {
      "version": "1.3.8",
      "resolved": "https://registry.npmjs.org/dxf-data-parser/-/dxf-data-parser-1.3.8.tgz",
      "integrity": "sha512-JNrxPUiQQiqpNUcGz5J2WlWC2npOjdTYdyl6zRsr4BJcv42kFjTNSQPK74+ZgKpGfkhaES8mNSC14vGpqoZzwQ==",
      "dependencies": {
        "just-diff": "^5.0.1",
        "lodash": "^4.17.21",
        "loglevel": "^1.7.1"
      }
    },
    "node_modules/dxf-parser": {
      "version": "1.1.2",
      "resolved": "https://registry.npmjs.org/dxf-parser/-/dxf-parser-1.1.2.tgz",
      "integrity": "sha512-GPTumUvRkounlIazLIyJMmTWt+nlg+ksS0Hdm8jWvejmZKBTz6gvHTam76wRm4PQMma5sgKLThblQyeIJcH79Q==",
      "dependencies": {
        "loglevel": "^1.7.1"
      }
    },
    "node_modules/jscolor": {
      "version": "0.3.0",
      "resolved": "https://registry.npmjs.org/jscolor/-/jscolor-0.3.0.tgz",
      "integrity": "sha512-b+lnArwwIknmcAvswfL9vDeaQP/TDNWafaWD8zl6itpBUnO3PgQTjkl0zVvkoI116+au+njPFVlhWpywE7mA8Q=="
    },
    "node_modules/just-diff": {
      "version": "5.2.0",
      "resolved": "https://registry.npmjs.org/just-diff/-/just-diff-5.2.0.tgz",
      "integrity": "sha512-6ufhP9SHjb7jibNFrNxyFZ6od3g+An6Ai9mhGRvcYe8UJlH0prseN64M+6ZBBUoKYHZsitDP42gAJ8+eVWr3lw=="
    },
    "node_modules/lodash": {
      "version": "4.17.21",
      "resolved": "https://registry.npmjs.org/lodash/-/lodash-4.17.21.tgz",
      "integrity": "sha512-v2kDEe57lecTulaDIuNTPy3Ry4gLGJ6Z1O3vE1krgXZNrsQ+LFTGHVxVjcXPs17LhbZVGedAJv8XZ1tvj5FvSg=="
    },
    "node_modules/loglevel": {
      "version": "1.9.2",
      "resolved": "https://registry.npmjs.org/loglevel/-/loglevel-1.9.2.tgz",
      "integrity": "sha512-HgMmCqIJSAKqo68l0rS2AanEWfkxaZ5wNiEFb5ggm08lDs9Xl2KxBlX3PTcaD2chBM1gXAYf491/M2Rv8Jwayg==",
      "engines": {
        "node": ">= 0.6.0"
      },
      "funding": {
        "type": "tidelift",
        "url": "https://tidelift.com/funding/github/npm/loglevel"
      }
    },
    "node_modules/plotly.js-dist": {
      "version": "2.35.2",
      "resolved": "https://registry.npmjs.org/plotly.js-dist/-/plotly.js-dist-2.35.2.tgz",
      "integrity": "sha512-zbKfz7jXGcLGoyPJxjGrKLttPiqvsEjIMHON/dEU/mnOJ+/yYoEctEEQ3qp5zQmvoovw1L47kCsQpq/GTbejBA=="
    },
    "node_modules/robust-predicates": {
      "version": "3.0.2",
      "resolved": "https://registry.npmjs.org/robust-predicates/-/robust-predicates-3.0.2.tgz",
      "integrity": "sha512-IXgzBWvWQwE6PrDI05OvmXUIruQTcoMDzRsOd5CDvHCVLcLHMTSYvOK5Cm46kWqlV3yAbuSpBZdJ5oP5OUoStg=="
    },
    "node_modules/sweetalert2": {
      "version": "11.14.5",
      "resolved": "https://registry.npmjs.org/sweetalert2/-/sweetalert2-11.14.5.tgz",
      "integrity": "sha512-8MWk5uc/r6bWhiJWkUXyEuApfXAhSCZT8FFX7pZXL7YwaPxq+9Ynhi2dUzWkOFn9jvLjKj22CXuccZ+IHcnjvQ==",
      "funding": {
        "type": "individual",
        "url": "https://github.com/sponsors/limonte"
      }
    }
  }
}
